#MicroXplorer Configuration settings - do not modify
ADC1.Channel-0\#ChannelRegularConversion=ADC_CHANNEL_10
ADC1.Channel-1\#ChannelRegularConversion=ADC_CHANNEL_11
ADC1.ContinuousConvMode=ENABLE
ADC1.DMAContinuousRequests=ENABLE
ADC1.IPParameters=Rank-0\#ChannelRegularConversion,master,Channel-0\#ChannelRegularConversion,SamplingTime-0\#ChannelRegularConversion,NbrOfConversionFlag,ScanConvMode,ContinuousConvMode,Rank-1\#ChannelRegularConversion,Channel-1\#ChannelRegularConversion,SamplingTime-1\#ChannelRegularConversion,NbrOfConversion,DMAContinuousRequests
ADC1.NbrOfConversion=2
ADC1.NbrOfConversionFlag=1
ADC1.Rank-0\#ChannelRegularConversion=1
ADC1.Rank-1\#ChannelRegularConversion=2
ADC1.SamplingTime-0\#ChannelRegularConversion=ADC_SAMPLETIME_3CYCLES
ADC1.SamplingTime-1\#ChannelRegularConversion=ADC_SAMPLETIME_3CYCLES
ADC1.ScanConvMode=ENABLE
ADC1.master=1
CAN1.ABOM=ENABLE
CAN1.BS1=CAN_BS1_3TQ
CAN1.BS2=CAN_BS2_5TQ
CAN1.CalculateBaudRate=1000000
CAN1.CalculateTimeBit=999.99
CAN1.CalculateTimeQuantum=111.11111111111111
CAN1.IPParameters=CalculateTimeQuantum,CalculateTimeBit,BS1,BS2,Prescaler,SJW,ABOM,CalculateBaudRate
CAN1.Prescaler=5
CAN1.SJW=CAN_SJW_1TQ
CAN2.ABOM=ENABLE
CAN2.BS1=CAN_BS1_3TQ
CAN2.BS2=CAN_BS2_5TQ
CAN2.CalculateBaudRate=1000000
CAN2.CalculateTimeBit=999.99
CAN2.CalculateTimeQuantum=111.11111111111111
CAN2.IPParameters=CalculateTimeQuantum,CalculateTimeBit,Prescaler,BS1,BS2,SJW,ABOM,CalculateBaudRate
CAN2.Prescaler=5
CAN2.SJW=CAN_SJW_1TQ
Dma.ADC1.3.Direction=DMA_PERIPH_TO_MEMORY
Dma.ADC1.3.FIFOMode=DMA_FIFOMODE_DISABLE
Dma.ADC1.3.Instance=DMA2_Stream0
Dma.ADC1.3.MemDataAlignment=DMA_MDATAALIGN_WORD
Dma.ADC1.3.MemInc=DMA_MINC_ENABLE
Dma.ADC1.3.Mode=DMA_CIRCULAR
Dma.ADC1.3.PeriphDataAlignment=DMA_PDATAALIGN_WORD
Dma.ADC1.3.PeriphInc=DMA_PINC_DISABLE
Dma.ADC1.3.Priority=DMA_PRIORITY_MEDIUM
Dma.ADC1.3.RequestParameters=Instance,Direction,PeriphInc,MemInc,PeriphDataAlignment,MemDataAlignment,Mode,Priority,FIFOMode
Dma.Request0=USART1_RX
Dma.Request1=USART2_RX
Dma.Request2=USART6_RX
Dma.Request3=ADC1
Dma.Request4=USART2_TX
Dma.Request5=USART6_TX
Dma.RequestsNb=6
Dma.USART1_RX.0.Direction=DMA_PERIPH_TO_MEMORY
Dma.USART1_RX.0.FIFOMode=DMA_FIFOMODE_DISABLE
Dma.USART1_RX.0.Instance=DMA2_Stream2
Dma.USART1_RX.0.MemDataAlignment=DMA_MDATAALIGN_BYTE
Dma.USART1_RX.0.MemInc=DMA_MINC_ENABLE
Dma.USART1_RX.0.Mode=DMA_CIRCULAR
Dma.USART1_RX.0.PeriphDataAlignment=DMA_PDATAALIGN_BYTE
Dma.USART1_RX.0.PeriphInc=DMA_PINC_DISABLE
Dma.USART1_RX.0.Priority=DMA_PRIORITY_MEDIUM
Dma.USART1_RX.0.RequestParameters=Instance,Direction,PeriphInc,MemInc,PeriphDataAlignment,MemDataAlignment,Mode,Priority,FIFOMode
Dma.USART2_RX.1.Direction=DMA_PERIPH_TO_MEMORY
Dma.USART2_RX.1.FIFOMode=DMA_FIFOMODE_DISABLE
Dma.USART2_RX.1.Instance=DMA1_Stream5
Dma.USART2_RX.1.MemDataAlignment=DMA_MDATAALIGN_BYTE
Dma.USART2_RX.1.MemInc=DMA_MINC_ENABLE
Dma.USART2_RX.1.Mode=DMA_CIRCULAR
Dma.USART2_RX.1.PeriphDataAlignment=DMA_PDATAALIGN_BYTE
Dma.USART2_RX.1.PeriphInc=DMA_PINC_DISABLE
Dma.USART2_RX.1.Priority=DMA_PRIORITY_MEDIUM
Dma.USART2_RX.1.RequestParameters=Instance,Direction,PeriphInc,MemInc,PeriphDataAlignment,MemDataAlignment,Mode,Priority,FIFOMode
Dma.USART2_TX.4.Direction=DMA_MEMORY_TO_PERIPH
Dma.USART2_TX.4.FIFOMode=DMA_FIFOMODE_DISABLE
Dma.USART2_TX.4.Instance=DMA1_Stream6
Dma.USART2_TX.4.MemDataAlignment=DMA_MDATAALIGN_BYTE
Dma.USART2_TX.4.MemInc=DMA_MINC_ENABLE
Dma.USART2_TX.4.Mode=DMA_NORMAL
Dma.USART2_TX.4.PeriphDataAlignment=DMA_PDATAALIGN_BYTE
Dma.USART2_TX.4.PeriphInc=DMA_PINC_DISABLE
Dma.USART2_TX.4.Priority=DMA_PRIORITY_MEDIUM
Dma.USART2_TX.4.RequestParameters=Instance,Direction,PeriphInc,MemInc,PeriphDataAlignment,MemDataAlignment,Mode,Priority,FIFOMode
Dma.USART6_RX.2.Direction=DMA_PERIPH_TO_MEMORY
Dma.USART6_RX.2.FIFOMode=DMA_FIFOMODE_DISABLE
Dma.USART6_RX.2.Instance=DMA2_Stream1
Dma.USART6_RX.2.MemDataAlignment=DMA_MDATAALIGN_BYTE
Dma.USART6_RX.2.MemInc=DMA_MINC_ENABLE
Dma.USART6_RX.2.Mode=DMA_CIRCULAR
Dma.USART6_RX.2.PeriphDataAlignment=DMA_PDATAALIGN_BYTE
Dma.USART6_RX.2.PeriphInc=DMA_PINC_DISABLE
Dma.USART6_RX.2.Priority=DMA_PRIORITY_MEDIUM
Dma.USART6_RX.2.RequestParameters=Instance,Direction,PeriphInc,MemInc,PeriphDataAlignment,MemDataAlignment,Mode,Priority,FIFOMode
Dma.USART6_TX.5.Direction=DMA_MEMORY_TO_PERIPH
Dma.USART6_TX.5.FIFOMode=DMA_FIFOMODE_DISABLE
Dma.USART6_TX.5.Instance=DMA2_Stream6
Dma.USART6_TX.5.MemDataAlignment=DMA_MDATAALIGN_BYTE
Dma.USART6_TX.5.MemInc=DMA_MINC_ENABLE
Dma.USART6_TX.5.Mode=DMA_NORMAL
Dma.USART6_TX.5.PeriphDataAlignment=DMA_PDATAALIGN_BYTE
Dma.USART6_TX.5.PeriphInc=DMA_PINC_DISABLE
Dma.USART6_TX.5.Priority=DMA_PRIORITY_MEDIUM
Dma.USART6_TX.5.RequestParameters=Instance,Direction,PeriphInc,MemInc,PeriphDataAlignment,MemDataAlignment,Mode,Priority,FIFOMode
FREERTOS.FootprintOK=true
FREERTOS.IPParameters=Tasks01,FootprintOK
FREERTOS.Tasks01=defaultTask,0,128,StartDefaultTask,Default,NULL,Dynamic,NULL,NULL;myTask02,0,128,StartTask02,Default,NULL,Dynamic,NULL,NULL;myTask03,0,128,StartTask03,Default,NULL,Dynamic,NULL,NULL;myTask04,0,128,StartTask04,Default,NULL,Dynamic,NULL,NULL
File.Version=6
GPIO.groupedBy=Group By Peripherals
KeepUserPlacement=false
Mcu.Family=STM32F4
Mcu.IP0=ADC1
Mcu.IP1=CAN1
Mcu.IP10=TIM4
Mcu.IP11=TIM5
Mcu.IP12=TIM7
Mcu.IP13=TIM9
Mcu.IP14=UART8
Mcu.IP15=USART1
Mcu.IP16=USART2
Mcu.IP17=USART3
Mcu.IP18=USART6
Mcu.IP2=CAN2
Mcu.IP3=DMA
Mcu.IP4=FREERTOS
Mcu.IP5=I2C2
Mcu.IP6=NVIC
Mcu.IP7=RCC
Mcu.IP8=SPI5
Mcu.IP9=SYS
Mcu.IPNb=19
Mcu.Name=STM32F427I(G-I)Hx
Mcu.Package=UFBGA176
Mcu.Pin0=PE3
Mcu.Pin1=PE2
Mcu.Pin10=PE5
Mcu.Pin11=PE6
Mcu.Pin12=PB7
Mcu.Pin13=PB6
Mcu.Pin14=PD6
Mcu.Pin15=PD0
Mcu.Pin16=PG9
Mcu.Pin17=PD5
Mcu.Pin18=PD1
Mcu.Pin19=PI9
Mcu.Pin2=PE1
Mcu.Pin20=PF0
Mcu.Pin21=PI0
Mcu.Pin22=PH2
Mcu.Pin23=PH0/OSC_IN
Mcu.Pin24=PH3
Mcu.Pin25=PH1/OSC_OUT
Mcu.Pin26=PF1
Mcu.Pin27=PH4
Mcu.Pin28=PH5
Mcu.Pin29=PF7
Mcu.Pin3=PE0
Mcu.Pin30=PF6
Mcu.Pin31=PH12
Mcu.Pin32=PF10
Mcu.Pin33=PF9
Mcu.Pin34=PF8
Mcu.Pin35=PH11
Mcu.Pin36=PH10
Mcu.Pin37=PD15
Mcu.Pin38=PC0
Mcu.Pin39=PC1
Mcu.Pin4=PG14
Mcu.Pin40=PC2
Mcu.Pin41=PC3
Mcu.Pin42=PD14
Mcu.Pin43=PD13
Mcu.Pin44=PA0/WKUP
Mcu.Pin45=PA4
Mcu.Pin46=PC4
Mcu.Pin47=PD12
Mcu.Pin48=PA2
Mcu.Pin49=PA5
Mcu.Pin5=PG13
Mcu.Pin50=PC5
Mcu.Pin51=PB12
Mcu.Pin52=PB13
Mcu.Pin53=PD9
Mcu.Pin54=PD8
Mcu.Pin55=PA3
Mcu.Pin56=PF14
Mcu.Pin57=PE7
Mcu.Pin58=PE12
Mcu.Pin59=VP_FREERTOS_VS_CMSIS_V1
Mcu.Pin6=PD7
Mcu.Pin60=VP_SYS_VS_tim6
Mcu.Pin61=VP_TIM7_VS_ClockSourceINT
Mcu.Pin7=PA14
Mcu.Pin8=PA13
Mcu.Pin9=PE4
Mcu.PinsNb=62
Mcu.ThirdPartyNb=0
Mcu.UserConstants=
Mcu.UserName=STM32F427IIHx
MxCube.Version=6.1.0
MxDb.Version=DB.6.0.10
NVIC.BusFault_IRQn=true\:0\:0\:false\:false\:true\:false\:false\:false
NVIC.CAN1_RX0_IRQn=true\:5\:0\:false\:false\:true\:true\:true\:true
NVIC.CAN1_TX_IRQn=true\:5\:0\:false\:false\:true\:true\:true\:true
NVIC.CAN2_RX0_IRQn=true\:5\:0\:false\:false\:true\:false\:true\:true
NVIC.CAN2_TX_IRQn=true\:5\:0\:false\:false\:true\:false\:true\:true
NVIC.DMA1_Stream5_IRQn=true\:5\:0\:false\:false\:true\:true\:true\:true
NVIC.DMA1_Stream6_IRQn=true\:5\:0\:false\:false\:true\:true\:false\:true
NVIC.DMA2_Stream0_IRQn=true\:5\:0\:false\:false\:true\:true\:false\:true
NVIC.DMA2_Stream1_IRQn=true\:5\:0\:false\:false\:true\:true\:true\:true
NVIC.DMA2_Stream2_IRQn=true\:5\:0\:false\:false\:true\:true\:true\:true
NVIC.DMA2_Stream6_IRQn=true\:5\:0\:false\:false\:true\:true\:false\:true
NVIC.DebugMonitor_IRQn=true\:0\:0\:false\:false\:true\:false\:false\:false
NVIC.ForceEnableDMAVector=true
NVIC.HardFault_IRQn=true\:0\:0\:false\:false\:true\:false\:false\:false
NVIC.MemoryManagement_IRQn=true\:0\:0\:false\:false\:true\:false\:false\:false
NVIC.NonMaskableInt_IRQn=true\:0\:0\:false\:false\:true\:false\:false\:false
NVIC.PendSV_IRQn=true\:15\:0\:false\:false\:false\:true\:false\:false
NVIC.PriorityGroup=NVIC_PRIORITYGROUP_4
NVIC.SVCall_IRQn=true\:0\:0\:false\:false\:false\:false\:false\:false
NVIC.SavedPendsvIrqHandlerGenerated=true
NVIC.SavedSvcallIrqHandlerGenerated=true
NVIC.SavedSystickIrqHandlerGenerated=true
NVIC.SysTick_IRQn=true\:15\:0\:false\:false\:false\:true\:true\:true
NVIC.TIM6_DAC_IRQn=true\:0\:0\:false\:false\:true\:false\:true\:true
NVIC.TIM7_IRQn=true\:5\:0\:false\:false\:true\:true\:true\:true
NVIC.TimeBase=TIM6_DAC_IRQn
NVIC.TimeBaseIP=TIM6
NVIC.UART8_IRQn=true\:5\:0\:false\:false\:true\:true\:true\:true
NVIC.USART1_IRQn=true\:5\:0\:true\:false\:true\:true\:true\:true
NVIC.USART2_IRQn=true\:5\:0\:true\:false\:true\:false\:true\:true
NVIC.USART6_IRQn=true\:5\:0\:true\:false\:true\:true\:true\:true
NVIC.UsageFault_IRQn=true\:0\:0\:false\:false\:true\:false\:false\:false
PA0/WKUP.Locked=true
PA0/WKUP.Signal=GPXTI0
PA13.Mode=Serial_Wire
PA13.Signal=SYS_JTMS-SWDIO
PA14.Mode=Serial_Wire
PA14.Signal=SYS_JTCK-SWCLK
PA2.Locked=true
PA2.Signal=GPXTI2
PA3.Locked=true
PA3.Signal=GPXTI3
PA4.GPIOParameters=GPIO_Label
PA4.GPIO_Label=DIR_1
PA4.Locked=true
PA4.Signal=GPIO_Output
PA5.GPIOParameters=GPIO_Label
PA5.GPIO_Label=DIR_2
PA5.Locked=true
PA5.Signal=GPIO_Output
PB12.Locked=true
PB12.Mode=CAN_Activate
PB12.Signal=CAN2_RX
PB13.Mode=CAN_Activate
PB13.Signal=CAN2_TX
PB6.GPIOParameters=GPIO_PuPd
PB6.GPIO_PuPd=GPIO_PULLUP
PB6.Mode=Asynchronous
PB6.Signal=USART1_TX
PB7.GPIOParameters=GPIO_PuPd
PB7.GPIO_PuPd=GPIO_PULLUP
PB7.Locked=true
PB7.Mode=Asynchronous
PB7.Signal=USART1_RX
PC0.Locked=true
PC0.Signal=ADCx_IN10
PC1.Locked=true
PC1.Signal=ADCx_IN11
PC2.GPIOParameters=GPIO_PuPd,GPIO_Label
PC2.GPIO_Label=XW_5
PC2.GPIO_PuPd=GPIO_PULLUP
PC2.Locked=true
PC2.Signal=GPIO_Input
PC3.GPIOParameters=GPIO_PuPd,GPIO_Label
PC3.GPIO_Label=arduino_rec
PC3.GPIO_PuPd=GPIO_PULLUP
PC3.Locked=true
PC3.Signal=GPIO_Input
PC4.GPIOParameters=GPIO_PuPd,GPIO_Label
PC4.GPIO_Label=XW_0
PC4.GPIO_PuPd=GPIO_PULLUP
PC4.Locked=true
PC4.Signal=GPIO_Input
PC5.GPIOParameters=GPIO_PuPd,GPIO_Label
PC5.GPIO_Label=XW_1
PC5.GPIO_PuPd=GPIO_PULLUP
PC5.Locked=true
PC5.Signal=GPIO_Input
PD0.Locked=true
PD0.Mode=CAN_Activate
PD0.Signal=CAN1_RX
PD1.Locked=true
PD1.Mode=CAN_Activate
PD1.Signal=CAN1_TX
PD12.Locked=true
PD12.Signal=S_TIM4_CH1
PD13.Locked=true
PD13.Signal=S_TIM4_CH2
PD14.Locked=true
PD14.Signal=S_TIM4_CH3
PD15.Locked=true
PD15.Signal=S_TIM4_CH4
PD5.Mode=Asynchronous
PD5.Signal=USART2_TX
PD6.Mode=Asynchronous
PD6.Signal=USART2_RX
PD7.GPIOParameters=GPIO_Label
PD7.GPIO_Label=KEY1
PD7.Locked=true
PD7.Signal=GPIO_Input
PD8.Locked=true
PD8.Mode=Asynchronous
PD8.Signal=USART3_TX
PD9.Locked=true
PD9.Mode=Asynchronous
PD9.Signal=USART3_RX
PE0.Mode=Asynchronous
PE0.Signal=UART8_RX
PE1.Mode=Asynchronous
PE1.Signal=UART8_TX
PE12.GPIOParameters=GPIO_Speed,PinState,GPIO_Label
PE12.GPIO_Label=XW_3
PE12.GPIO_Speed=GPIO_SPEED_FREQ_HIGH
PE12.Locked=true
PE12.PinState=GPIO_PIN_SET
PE12.Signal=GPIO_Output
PE2.GPIOParameters=PinState,GPIO_Label
PE2.GPIO_Label=IST_RST
PE2.Locked=true
PE2.PinState=GPIO_PIN_SET
PE2.Signal=GPIO_Output
PE3.GPIOParameters=GPIO_Label
PE3.GPIO_Label=IST_INT
PE3.Locked=true
PE3.Signal=GPIO_Output
PE4.GPIOParameters=GPIO_PuPd,GPIO_Label
PE4.GPIO_Label=XW_2
PE4.GPIO_PuPd=GPIO_PULLUP
PE4.Locked=true
PE4.Signal=GPIO_Input
PE5.Locked=true
PE5.Signal=S_TIM9_CH1
PE6.Locked=true
PE6.Signal=S_TIM9_CH2
PE7.GPIOParameters=GPIO_Label
PE7.GPIO_Label=LED2
PE7.Locked=true
PE7.Signal=GPIO_Output
PF0.Locked=true
PF0.Mode=I2C
PF0.Signal=I2C2_SDA
PF1.Locked=true
PF1.Mode=I2C
PF1.Signal=I2C2_SCL
PF10.GPIOParameters=GPIO_PuPd,GPIO_Label
PF10.GPIO_Label=XW_4
PF10.GPIO_PuPd=GPIO_PULLUP
PF10.Locked=true
PF10.Signal=GPIO_Input
PF14.GPIOParameters=GPIO_Label
PF14.GPIO_Label=LED1
PF14.Locked=true
PF14.Signal=GPIO_Output
PF6.Locked=true
PF6.Signal=GPIO_Output
PF7.Mode=Full_Duplex_Master
PF7.Signal=SPI5_SCK
PF8.Mode=Full_Duplex_Master
PF8.Signal=SPI5_MISO
PF9.Mode=Full_Duplex_Master
PF9.Signal=SPI5_MOSI
PG13.GPIOParameters=GPIO_Label
PG13.GPIO_Label=LASER
PG13.Locked=true
PG13.Signal=GPIO_Output
PG14.Mode=Asynchronous
PG14.Signal=USART6_TX
PG9.Mode=Asynchronous
PG9.Signal=USART6_RX
PH0/OSC_IN.Mode=HSE-External-Oscillator
PH0/OSC_IN.Signal=RCC_OSC_IN
PH1/OSC_OUT.Mode=HSE-External-Oscillator
PH1/OSC_OUT.Signal=RCC_OSC_OUT
PH10.Locked=true
PH10.Signal=S_TIM5_CH1
PH11.Locked=true
PH11.Signal=S_TIM5_CH2
PH12.Locked=true
PH12.Signal=S_TIM5_CH3
PH2.GPIOParameters=GPIO_Speed,PinState,GPIO_Label
PH2.GPIO_Label=DAINYUAN1
PH2.GPIO_Speed=GPIO_SPEED_FREQ_MEDIUM
PH2.Locked=true
PH2.PinState=GPIO_PIN_SET
PH2.Signal=GPIO_Output
PH3.GPIOParameters=GPIO_Speed,PinState,GPIO_Label
PH3.GPIO_Label=DIANYUAN2
PH3.GPIO_Speed=GPIO_SPEED_FREQ_MEDIUM
PH3.Locked=true
PH3.PinState=GPIO_PIN_SET
PH3.Signal=GPIO_Output
PH4.GPIOParameters=GPIO_Speed,PinState,GPIO_Label
PH4.GPIO_Label=DIANYUAN3
PH4.GPIO_Speed=GPIO_SPEED_FREQ_MEDIUM
PH4.Locked=true
PH4.PinState=GPIO_PIN_SET
PH4.Signal=GPIO_Output
PH5.GPIOParameters=GPIO_Speed,PinState,GPIO_Label
PH5.GPIO_Label=DIANYUAN4
PH5.GPIO_Speed=GPIO_SPEED_FREQ_MEDIUM
PH5.Locked=true
PH5.PinState=GPIO_PIN_SET
PH5.Signal=GPIO_Output
PI0.Signal=S_TIM5_CH4
PI9.GPIOParameters=GPIO_Label
PI9.GPIO_Label=shejian
PI9.Locked=true
PI9.Signal=GPIO_Output
PinOutPanel.CurrentBGAView=Top
PinOutPanel.RotationAngle=0
ProjectManager.AskForMigrate=true
ProjectManager.BackupPrevious=false
ProjectManager.CompilerOptimize=2
ProjectManager.ComputerToolchain=false
ProjectManager.CoupleFile=true
ProjectManager.CustomerFirmwarePackage=
ProjectManager.DefaultFWLocation=true
ProjectManager.DeletePrevious=true
ProjectManager.DeviceId=STM32F427IIHx
ProjectManager.FirmwarePackage=STM32Cube FW_F4 V1.25.2
ProjectManager.FreePins=false
ProjectManager.HalAssertFull=false
ProjectManager.HeapSize=0x200
ProjectManager.KeepUserCode=true
ProjectManager.LastFirmware=true
ProjectManager.LibraryCopy=0
ProjectManager.MainLocation=Src
ProjectManager.NoMain=false
ProjectManager.PreviousToolchain=
ProjectManager.ProjectBuild=false
ProjectManager.ProjectFileName=robocon.ioc
ProjectManager.ProjectName=robocon
ProjectManager.RegisterCallBack=
ProjectManager.StackSize=0x400
ProjectManager.TargetToolchain=MDK-ARM V5
ProjectManager.ToolChainLocation=
ProjectManager.UnderRoot=false
ProjectManager.functionlistsort=1-MX_GPIO_Init-GPIO-false-HAL-true,2-MX_DMA_Init-DMA-false-HAL-true,3-SystemClock_Config-RCC-false-HAL-false,4-MX_CAN1_Init-CAN1-false-HAL-true,5-MX_CAN2_Init-CAN2-false-HAL-true,6-MX_SPI5_Init-SPI5-false-HAL-true,7-MX_USART1_UART_Init-USART1-false-HAL-true,8-MX_USART2_UART_Init-USART2-false-HAL-true,9-MX_USART6_UART_Init-USART6-false-HAL-true,10-MX_ADC1_Init-ADC1-false-HAL-true,11-MX_TIM7_Init-TIM7-false-HAL-true,12-MX_USART3_UART_Init-USART3-false-HAL-true,13-MX_TIM9_Init-TIM9-false-HAL-true,14-MX_TIM4_Init-TIM4-false-HAL-true,15-MX_TIM5_Init-TIM5-false-HAL-true,16-MX_I2C2_Init-I2C2-false-HAL-true,17-MX_UART8_Init-UART8-false-HAL-true
RCC.48MHZClocksFreq_Value=90000000
RCC.AHBFreq_Value=180000000
RCC.APB1CLKDivider=RCC_HCLK_DIV4
RCC.APB1Freq_Value=45000000
RCC.APB1TimFreq_Value=90000000
RCC.APB2CLKDivider=RCC_HCLK_DIV2
RCC.APB2Freq_Value=90000000
RCC.APB2TimFreq_Value=180000000
RCC.CortexFreq_Value=180000000
RCC.EthernetFreq_Value=180000000
RCC.FCLKCortexFreq_Value=180000000
RCC.FamilyName=M
RCC.HCLKFreq_Value=180000000
RCC.HSE_VALUE=12000000
RCC.HSI_VALUE=16000000
RCC.I2SClocksFreq_Value=192000000
RCC.IPParameters=48MHZClocksFreq_Value,AHBFreq_Value,APB1CLKDivider,APB1Freq_Value,APB1TimFreq_Value,APB2CLKDivider,APB2Freq_Value,APB2TimFreq_Value,CortexFreq_Value,EthernetFreq_Value,FCLKCortexFreq_Value,FamilyName,HCLKFreq_Value,HSE_VALUE,HSI_VALUE,I2SClocksFreq_Value,LSE_VALUE,LSI_VALUE,MCO2PinFreq_Value,PLLCLKFreq_Value,PLLM,PLLN,PLLQCLKFreq_Value,PLLSourceVirtual,RTCFreq_Value,RTCHSEDivFreq_Value,SAI_AClocksFreq_Value,SAI_BClocksFreq_Value,SYSCLKFreq_VALUE,SYSCLKSource,VCOI2SOutputFreq_Value,VCOInputFreq_Value,VCOOutputFreq_Value,VCOSAIOutputFreq_Value,VCOSAIOutputFreq_ValueQ,VcooutputI2S,VcooutputI2SQ
RCC.LSE_VALUE=32768
RCC.LSI_VALUE=32000
RCC.MCO2PinFreq_Value=180000000
RCC.PLLCLKFreq_Value=180000000
RCC.PLLM=6
RCC.PLLN=180
RCC.PLLQCLKFreq_Value=90000000
RCC.PLLSourceVirtual=RCC_PLLSOURCE_HSE
RCC.RTCFreq_Value=32000
RCC.RTCHSEDivFreq_Value=6000000
RCC.SAI_AClocksFreq_Value=24500000
RCC.SAI_BClocksFreq_Value=24500000
RCC.SYSCLKFreq_VALUE=180000000
RCC.SYSCLKSource=RCC_SYSCLKSOURCE_PLLCLK
RCC.VCOI2SOutputFreq_Value=384000000
RCC.VCOInputFreq_Value=2000000
RCC.VCOOutputFreq_Value=360000000
RCC.VCOSAIOutputFreq_Value=98000000
RCC.VCOSAIOutputFreq_ValueQ=24500000
RCC.VcooutputI2S=192000000
RCC.VcooutputI2SQ=192000000
SH.ADCx_IN10.0=ADC1_IN10,IN10
SH.ADCx_IN10.ConfNb=1
SH.ADCx_IN11.0=ADC1_IN11,IN11
SH.ADCx_IN11.ConfNb=1
SH.GPXTI0.0=GPIO_EXTI0
SH.GPXTI0.ConfNb=1
SH.GPXTI2.0=GPIO_EXTI2
SH.GPXTI2.ConfNb=1
SH.GPXTI3.0=GPIO_EXTI3
SH.GPXTI3.ConfNb=1
SH.S_TIM4_CH1.0=TIM4_CH1,PWM Generation1 CH1
SH.S_TIM4_CH1.ConfNb=1
SH.S_TIM4_CH2.0=TIM4_CH2,PWM Generation2 CH2
SH.S_TIM4_CH2.ConfNb=1
SH.S_TIM4_CH3.0=TIM4_CH3,PWM Generation3 CH3
SH.S_TIM4_CH3.ConfNb=1
SH.S_TIM4_CH4.0=TIM4_CH4,PWM Generation4 CH4
SH.S_TIM4_CH4.ConfNb=1
SH.S_TIM5_CH1.0=TIM5_CH1,PWM Generation1 CH1
SH.S_TIM5_CH1.ConfNb=1
SH.S_TIM5_CH2.0=TIM5_CH2,PWM Generation2 CH2
SH.S_TIM5_CH2.ConfNb=1
SH.S_TIM5_CH3.0=TIM5_CH3,PWM Generation3 CH3
SH.S_TIM5_CH3.ConfNb=1
SH.S_TIM5_CH4.0=TIM5_CH4,PWM Generation4 CH4
SH.S_TIM5_CH4.ConfNb=1
SH.S_TIM9_CH1.0=TIM9_CH1,PWM Generation1 CH1
SH.S_TIM9_CH1.ConfNb=1
SH.S_TIM9_CH2.0=TIM9_CH2,PWM Generation2 CH2
SH.S_TIM9_CH2.ConfNb=1
SPI5.BaudRatePrescaler=SPI_BAUDRATEPRESCALER_128
SPI5.CalculateBaudRate=703.125 KBits/s
SPI5.Direction=SPI_DIRECTION_2LINES
SPI5.IPParameters=Mode,CalculateBaudRate,BaudRatePrescaler,VirtualType,Direction
SPI5.Mode=SPI_MODE_MASTER
SPI5.VirtualType=VM_MASTER
TIM4.Channel-PWM\ Generation1\ CH1=TIM_CHANNEL_1
TIM4.Channel-PWM\ Generation2\ CH2=TIM_CHANNEL_2
TIM4.Channel-PWM\ Generation3\ CH3=TIM_CHANNEL_3
TIM4.Channel-PWM\ Generation4\ CH4=TIM_CHANNEL_4
TIM4.IPParameters=Channel-PWM Generation1 CH1,Channel-PWM Generation2 CH2,Channel-PWM Generation3 CH3,Channel-PWM Generation4 CH4,Prescaler,Period
TIM4.Period=20000
TIM4.Prescaler=89
TIM5.Channel-PWM\ Generation1\ CH1=TIM_CHANNEL_1
TIM5.Channel-PWM\ Generation2\ CH2=TIM_CHANNEL_2
TIM5.Channel-PWM\ Generation3\ CH3=TIM_CHANNEL_3
TIM5.Channel-PWM\ Generation4\ CH4=TIM_CHANNEL_4
TIM5.IPParameters=Channel-PWM Generation1 CH1,Channel-PWM Generation2 CH2,Channel-PWM Generation3 CH3,Period,Prescaler,Channel-PWM Generation4 CH4
TIM5.Period=20000
TIM5.Prescaler=89
TIM7.IPParameters=Prescaler,Period
TIM7.Period=5000
TIM7.Prescaler=89
TIM9.Channel-PWM\ Generation1\ CH1=TIM_CHANNEL_1
TIM9.Channel-PWM\ Generation2\ CH2=TIM_CHANNEL_2
TIM9.IPParameters=Channel-PWM Generation1 CH1,Channel-PWM Generation2 CH2,Prescaler,Period
TIM9.Period=20000
TIM9.Prescaler=89
UART8.IPParameters=VirtualMode
UART8.VirtualMode=Asynchronous
USART1.BaudRate=100000
USART1.IPParameters=BaudRate,Parity,VirtualMode
USART1.Parity=PARITY_EVEN
USART1.VirtualMode=VM_ASYNC
USART2.BaudRate=9600
USART2.IPParameters=VirtualMode,BaudRate
USART2.VirtualMode=VM_ASYNC
USART3.IPParameters=VirtualMode
USART3.VirtualMode=VM_ASYNC
USART6.IPParameters=VirtualMode
USART6.VirtualMode=VM_ASYNC
VP_FREERTOS_VS_CMSIS_V1.Mode=CMSIS_V1
VP_FREERTOS_VS_CMSIS_V1.Signal=FREERTOS_VS_CMSIS_V1
VP_SYS_VS_tim6.Mode=TIM6
VP_SYS_VS_tim6.Signal=SYS_VS_tim6
VP_TIM7_VS_ClockSourceINT.Mode=Enable_Timer
VP_TIM7_VS_ClockSourceINT.Signal=TIM7_VS_ClockSourceINT
board=demo
